
Microsoft Visual Studio Solution File, Format Version 12.00
# Visual Studio Version 17
VisualStudioVersion = 17.13.35818.85 d17.13
MinimumVisualStudioVersion = 10.0.40219.1
Project("{FAE04EC0-301F-11D3-BF4B-00C04F79EFBC}") = "Student Info List", "Student Info List\Student Info List.csproj", "{9998E8ED-2739-41ED-A684-3A3E3FE61743}"
EndProject
Global
	GlobalSection(SolutionConfigurationPlatforms) = preSolution
		Debug|Any CPU = Debug|Any CPU
		Release|Any CPU = Release|Any CPU
	EndGlobalSection
	GlobalSection(ProjectConfigurationPlatforms) = postSolution
		{9998E8ED-2739-41ED-A684-3A3E3FE61743}.Debug|Any CPU.ActiveCfg = Debug|Any CPU
		{9998E8ED-2739-41ED-A684-3A3E3FE61743}.Debug|Any CPU.Build.0 = Debug|Any CPU
		{9998E8ED-2739-41ED-A684-3A3E3FE61743}.Release|Any CPU.ActiveCfg = Release|Any CPU
		{9998E8ED-2739-41ED-A684-3A3E3FE61743}.Release|Any CPU.Build.0 = Release|Any CPU
	EndGlobalSection
	GlobalSection(SolutionProperties) = preSolution
		HideSolutionNode = FALSE
	EndGlobalSection
	GlobalSection(ExtensibilityGlobals) = postSolution
		SolutionGuid = {A922932E-33F6-4D70-B435-084FF4881275}
	EndGlobalSection
EndGlobal
